<?xml version="1.0" encoding="utf-8"?>
<Project ToolsVersion="4.0" xmlns="http://schemas.microsoft.com/developer/msbuild/2003">
  <ItemGroup>
    <Filter Include="源文件">
      <UniqueIdentifier>{4FC737F1-C7A5-4376-A066-2A32D752A2FF}</UniqueIdentifier>
      <Extensions>cpp;c;cc;cxx;def;odl;idl;hpj;bat;asm;asmx</Extensions>
    </Filter>
    <Filter Include="头文件">
      <UniqueIdentifier>{93995380-89BD-4b04-88EB-625FBE52EBFB}</UniqueIdentifier>
      <Extensions>h;hh;hpp;hxx;hm;inl;inc;ipp;xsd</Extensions>
    </Filter>
    <Filter Include="资源文件">
      <UniqueIdentifier>{67DA6AB6-F800-4c08-8B7A-83BB121AAD01}</UniqueIdentifier>
      <Extensions>rc;ico;cur;bmp;dlg;rc2;rct;bin;rgs;gif;jpg;jpeg;jpe;resx;tiff;tif;png;wav;mfcribbon-ms</Extensions>
    </Filter>
  </ItemGroup>
  <ItemGroup>
    <ClCompile Include="Bag.cpp">
      <Filter>源文件</Filter>
    </ClCompile>
    <ClCompile Include="Equip.cpp">
      <Filter>源文件</Filter>
    </ClCompile>
    <ClCompile Include="Forest.cpp">
      <Filter>源文件</Filter>
    </ClCompile>
    <ClCompile Include="ForestBigMonster.cpp">
      <Filter>源文件</Filter>
    </ClCompile>
    <ClCompile Include="ForestOrchin.cpp">
      <Filter>源文件</Filter>
    </ClCompile>
    <ClCompile Include="goods.cpp">
      <Filter>源文件</Filter>
    </ClCompile>
    <ClCompile Include="Lake.cpp">
      <Filter>源文件</Filter>
    </ClCompile>
    <ClCompile Include="LakeBigMonster.cpp">
      <Filter>源文件</Filter>
    </ClCompile>
    <ClCompile Include="LakeOrchin.cpp">
      <Filter>源文件</Filter>
    </ClCompile>
    <ClCompile Include="main.cpp">
      <Filter>源文件</Filter>
    </ClCompile>
    <ClCompile Include="role.cpp">
      <Filter>源文件</Filter>
    </ClCompile>
    <ClCompile Include="Store.cpp">
      <Filter>源文件</Filter>
    </ClCompile>
    <ClCompile Include="Village.cpp">
      <Filter>源文件</Filter>
    </ClCompile>
    <ClCompile Include="warrior_monster.cpp">
      <Filter>源文件</Filter>
    </ClCompile>
    <ClCompile Include="Weapon.cpp">
      <Filter>源文件</Filter>
    </ClCompile>
    <ClCompile Include="TheBirthplaceOfMonsters.cpp">
      <Filter>源文件</Filter>
    </ClCompile>
    <ClCompile Include="Medicine.cpp">
      <Filter>源文件</Filter>
    </ClCompile>
  </ItemGroup>
  <ItemGroup>
    <ClInclude Include="Bag.h">
      <Filter>头文件</Filter>
    </ClInclude>
    <ClInclude Include="Equip.h">
      <Filter>头文件</Filter>
    </ClInclude>
    <ClInclude Include="Forest.h">
      <Filter>头文件</Filter>
    </ClInclude>
    <ClInclude Include="ForestBigMonster.h">
      <Filter>头文件</Filter>
    </ClInclude>
    <ClInclude Include="ForestOrchin.h">
      <Filter>头文件</Filter>
    </ClInclude>
    <ClInclude Include="goods.h">
      <Filter>头文件</Filter>
    </ClInclude>
    <ClInclude Include="Lake.h">
      <Filter>头文件</Filter>
    </ClInclude>
    <ClInclude Include="LakeBigMonster.h">
      <Filter>头文件</Filter>
    </ClInclude>
    <ClInclude Include="LakeOrchin.h">
      <Filter>头文件</Filter>
    </ClInclude>
    <ClInclude Include="Medicine.h">
      <Filter>头文件</Filter>
    </ClInclude>
    <ClInclude Include="role.h">
      <Filter>头文件</Filter>
    </ClInclude>
    <ClInclude Include="Store.h">
      <Filter>头文件</Filter>
    </ClInclude>
    <ClInclude Include="TheBirthplaceOfMonsters.h">
      <Filter>头文件</Filter>
    </ClInclude>
    <ClInclude Include="Village.h">
      <Filter>头文件</Filter>
    </ClInclude>
    <ClInclude Include="warrior_monster.h">
      <Filter>头文件</Filter>
    </ClInclude>
    <ClInclude Include="Weapon.h">
      <Filter>头文件</Filter>
    </ClInclude>
  </ItemGroup>
</Project>